
Microsoft Visual Studio Solution File, Format Version 12.00
# Visual Studio Version 17
VisualStudioVersion = 17.2.32602.215
MinimumVisualStudioVersion = 10.0.40219.1
Project("{FAE04EC0-301F-11D3-BF4B-00C04F79EFBC}") = "ClassSystem", "ClassSystem.csproj", "{4C64DA9C-3CD4-4260-9B74-2CAD3FAF64E5}"
EndProject
Global
	GlobalSection(SolutionConfigurationPlatforms) = preSolution
		Debug|Any CPU = Debug|Any CPU
		Release|Any CPU = Release|Any CPU
	EndGlobalSection
	GlobalSection(ProjectConfigurationPlatforms) = postSolution
		{4C64DA9C-3CD4-4260-9B74-2CAD3FAF64E5}.Debug|Any CPU.ActiveCfg = Debug|Any CPU
		{4C64DA9C-3CD4-4260-9B74-2CAD3FAF64E5}.Debug|Any CPU.Build.0 = Debug|Any CPU
		{4C64DA9C-3CD4-4260-9B74-2CAD3FAF64E5}.Release|Any CPU.ActiveCfg = Release|Any CPU
		{4C64DA9C-3CD4-4260-9B74-2CAD3FAF64E5}.Release|Any CPU.Build.0 = Release|Any CPU
	EndGlobalSection
	GlobalSection(SolutionProperties) = preSolution
		HideSolutionNode = FALSE
	EndGlobalSection
	GlobalSection(ExtensibilityGlobals) = postSolution
		SolutionGuid = {F0CC784F-D585-467F-9463-B4A7BD73FD92}
	EndGlobalSection
EndGlobal
